
Microsoft Visual Studio Solution File, Format Version 12.00
# Visual Studio Version 17
VisualStudioVersion = 17.14.36717.8
MinimumVisualStudioVersion = 10.0.40219.1
Project("{FAE04EC0-301F-11D3-BF4B-00C04F79EFBC}") = "Final_Project", "Final_Project\Final_Project.csproj", "{19893B34-DE3B-4C03-9404-0E54CD2C4276}"
EndProject
Global
	GlobalSection(SolutionConfigurationPlatforms) = preSolution
		Debug|Any CPU = Debug|Any CPU
		Release|Any CPU = Release|Any CPU
	EndGlobalSection
	GlobalSection(ProjectConfigurationPlatforms) = postSolution
		{19893B34-DE3B-4C03-9404-0E54CD2C4276}.Debug|Any CPU.ActiveCfg = Debug|Any CPU
		{19893B34-DE3B-4C03-9404-0E54CD2C4276}.Debug|Any CPU.Build.0 = Debug|Any CPU
		{19893B34-DE3B-4C03-9404-0E54CD2C4276}.Release|Any CPU.ActiveCfg = Release|Any CPU
		{19893B34-DE3B-4C03-9404-0E54CD2C4276}.Release|Any CPU.Build.0 = Release|Any CPU
	EndGlobalSection
	GlobalSection(SolutionProperties) = preSolution
		HideSolutionNode = FALSE
	EndGlobalSection
	GlobalSection(ExtensibilityGlobals) = postSolution
		SolutionGuid = {D5B24D3F-5FF0-40B6-A0D5-82A636D680FF}
	EndGlobalSection
EndGlobal
